// !$*UTF8*$!
{
	archiveVersion = 1;
	classes = {
	};
	objectVersion = 51;
	objects = {

/* Begin PBXBuildFile section */
		4F393A291C3C8BCD00B3EA13 /* main.swift in Sources */ = {isa = PBXBuildFile; fileRef = 4F393A281C3C8BCD00B3EA13 /* main.swift */; };
		4FD6C47A1B754AF1002F9F90 /* AppDelegate.swift in Sources */ = {isa = PBXBuildFile; fileRef = 4FD6C4791B754AF1002F9F90 /* AppDelegate.swift */; };
		4FD6C49F1B755242002F9F90 /* RootViewController.swift in Sources */ = {isa = PBXBuildFile; fileRef = 4FD6C49C1B755242002F9F90 /* RootViewController.swift */; };
		4FD6C4A01B755242002F9F90 /* InitialViewController.swift in Sources */ = {isa = PBXBuildFile; fileRef = 4FD6C49D1B755242002F9F90 /* InitialViewController.swift */; };
		670E6945253D9791009469B2 /* FilterSlideInTransition.swift in Sources */ = {isa = PBXBuildFile; fileRef = 670E6944253D9791009469B2 /* FilterSlideInTransition.swift */; };
		670F875125179208005CC89D /* MenuViewController.swift in Sources */ = {isa = PBXBuildFile; fileRef = 670F875025179208005CC89D /* MenuViewController.swift */; };
		67202863255AC2F3002AC0DA /* WeekRangeView.xib in Resources */ = {isa = PBXBuildFile; fileRef = 67202862255AC2F3002AC0DA /* WeekRangeView.xib */; };
		67202865255AE23E002AC0DA /* WeekRangeView.swift in Sources */ = {isa = PBXBuildFile; fileRef = 67202864255AE23E002AC0DA /* WeekRangeView.swift */; };
		675D8BBF25122EEA00F77BAE /* Sample.storyboard in Resources */ = {isa = PBXBuildFile; fileRef = 675D8BBE25122EEA00F77BAE /* Sample.storyboard */; };
		6793D9022510C4700049C5E1 /* Executive.storyboard in Resources */ = {isa = PBXBuildFile; fileRef = 6793D9012510C4700049C5E1 /* Executive.storyboard */; };
		6793D90C2510EB9A0049C5E1 /* ExecutiveViewController.swift in Sources */ = {isa = PBXBuildFile; fileRef = 6793D90B2510EB9A0049C5E1 /* ExecutiveViewController.swift */; };
		679450BB2518906F0039392F /* SlideInTransition.swift in Sources */ = {isa = PBXBuildFile; fileRef = 679450BA2518906F0039392F /* SlideInTransition.swift */; };
		6796E79A25236A0100BEBDF7 /* MenuHeader.swift in Sources */ = {isa = PBXBuildFile; fileRef = 6796E79925236A0100BEBDF7 /* MenuHeader.swift */; };
		67A53927254975BA006E2B1B /* HeaderCell.swift in Sources */ = {isa = PBXBuildFile; fileRef = 67A53926254975BA006E2B1B /* HeaderCell.swift */; };
		67B7749F2551760500E2CD1A /* MenuViewCell.swift in Sources */ = {isa = PBXBuildFile; fileRef = 67B7749E2551760500E2CD1A /* MenuViewCell.swift */; };
		67CF0A48251C737E0011D607 /* HeaderCell.xib in Resources */ = {isa = PBXBuildFile; fileRef = 67CF0A46251C737E0011D607 /* HeaderCell.xib */; };
		67D049052535B34B000DA30F /* FilterViewController.swift in Sources */ = {isa = PBXBuildFile; fileRef = 67D049042535B34B000DA30F /* FilterViewController.swift */; };
		67D79DDF2541864A001F4CCE /* BaseViewController.swift in Sources */ = {isa = PBXBuildFile; fileRef = 67D79DDE2541864A001F4CCE /* BaseViewController.swift */; };
		67DE26472553F05A001C9AD1 /* LoadController.swift in Sources */ = {isa = PBXBuildFile; fileRef = 67DE26462553F05A001C9AD1 /* LoadController.swift */; };
		67DE264C255418F0001C9AD1 /* Reachability.h in Frameworks */ = {isa = PBXBuildFile; fileRef = 67DE264B255418F0001C9AD1 /* Reachability.h */; };
		67DE264E25541F9B001C9AD1 /* Reachability.swift in Sources */ = {isa = PBXBuildFile; fileRef = 67DE264D25541F9B001C9AD1 /* Reachability.swift */; };
		67F1829E2513A01000434387 /* TableViewCell.swift in Sources */ = {isa = PBXBuildFile; fileRef = 67F1829C2513A01000434387 /* TableViewCell.swift */; };
		67F1829F2513A01000434387 /* TableViewCell.xib in Resources */ = {isa = PBXBuildFile; fileRef = 67F1829D2513A01000434387 /* TableViewCell.xib */; };
		78A235BD93AB7D080D67CD51 /* Pods_CloudspadeIos.framework in Frameworks */ = {isa = PBXBuildFile; fileRef = 82A29C75280BDF73123F14B4 /* Pods_CloudspadeIos.framework */; };
		B7168FBC1FACC6F900A48DB5 /* LaunchScreen.storyboard in Resources */ = {isa = PBXBuildFile; fileRef = B7168FBB1FACC6F900A48DB5 /* LaunchScreen.storyboard */; };
		B77BD8A321125B510036B284 /* bootconfig.plist in Resources */ = {isa = PBXBuildFile; fileRef = B77BD8A221125B510036B284 /* bootconfig.plist */; };
		CEA8CA041F071B2300448B51 /* Images.xcassets in Resources */ = {isa = PBXBuildFile; fileRef = CEA8CA031F071B2300448B51 /* Images.xcassets */; };
/* End PBXBuildFile section */

/* Begin PBXFileReference section */
		045D1C5BC2F1EADFDFB3671E /* Pods-CloudspadeIos.release.xcconfig */ = {isa = PBXFileReference; includeInIndex = 1; lastKnownFileType = text.xcconfig; name = "Pods-CloudspadeIos.release.xcconfig"; path = "Pods/Target Support Files/Pods-CloudspadeIos/Pods-CloudspadeIos.release.xcconfig"; sourceTree = "<group>"; };
		4F393A281C3C8BCD00B3EA13 /* main.swift */ = {isa = PBXFileReference; fileEncoding = 4; lastKnownFileType = sourcecode.swift; path = main.swift; sourceTree = "<group>"; };
		4FD6C4741B754AF1002F9F90 /* CloudspadeIos.app */ = {isa = PBXFileReference; explicitFileType = wrapper.application; includeInIndex = 0; path = CloudspadeIos.app; sourceTree = BUILT_PRODUCTS_DIR; };
		4FD6C4781B754AF1002F9F90 /* Info.plist */ = {isa = PBXFileReference; lastKnownFileType = text.plist.xml; path = Info.plist; sourceTree = "<group>"; };
		4FD6C4791B754AF1002F9F90 /* AppDelegate.swift */ = {isa = PBXFileReference; lastKnownFileType = sourcecode.swift; path = AppDelegate.swift; sourceTree = "<group>"; };
		4FD6C49A1B755242002F9F90 /* Bridging-Header.h */ = {isa = PBXFileReference; fileEncoding = 4; lastKnownFileType = sourcecode.c.h; path = "Bridging-Header.h"; sourceTree = "<group>"; };
		4FD6C49C1B755242002F9F90 /* RootViewController.swift */ = {isa = PBXFileReference; fileEncoding = 4; lastKnownFileType = sourcecode.swift; path = RootViewController.swift; sourceTree = "<group>"; };
		4FD6C49D1B755242002F9F90 /* InitialViewController.swift */ = {isa = PBXFileReference; fileEncoding = 4; lastKnownFileType = sourcecode.swift; path = InitialViewController.swift; sourceTree = "<group>"; };
		4FF12F8A1DCA91F5004D9EF9 /* CloudspadeIos.entitlements */ = {isa = PBXFileReference; lastKnownFileType = text.plist.entitlements; path = CloudspadeIos.entitlements; sourceTree = "<group>"; };
		670E6944253D9791009469B2 /* FilterSlideInTransition.swift */ = {isa = PBXFileReference; lastKnownFileType = sourcecode.swift; path = FilterSlideInTransition.swift; sourceTree = "<group>"; };
		670F875025179208005CC89D /* MenuViewController.swift */ = {isa = PBXFileReference; lastKnownFileType = sourcecode.swift; path = MenuViewController.swift; sourceTree = "<group>"; };
		67202862255AC2F3002AC0DA /* WeekRangeView.xib */ = {isa = PBXFileReference; lastKnownFileType = file.xib; path = WeekRangeView.xib; sourceTree = "<group>"; };
		67202864255AE23E002AC0DA /* WeekRangeView.swift */ = {isa = PBXFileReference; lastKnownFileType = sourcecode.swift; path = WeekRangeView.swift; sourceTree = "<group>"; };
		675D8BBE25122EEA00F77BAE /* Sample.storyboard */ = {isa = PBXFileReference; lastKnownFileType = file.storyboard; path = Sample.storyboard; sourceTree = "<group>"; };
		6793D9012510C4700049C5E1 /* Executive.storyboard */ = {isa = PBXFileReference; lastKnownFileType = file.storyboard; path = Executive.storyboard; sourceTree = "<group>"; };
		6793D90B2510EB9A0049C5E1 /* ExecutiveViewController.swift */ = {isa = PBXFileReference; lastKnownFileType = sourcecode.swift; path = ExecutiveViewController.swift; sourceTree = "<group>"; };
		679450BA2518906F0039392F /* SlideInTransition.swift */ = {isa = PBXFileReference; lastKnownFileType = sourcecode.swift; path = SlideInTransition.swift; sourceTree = "<group>"; };
		6796E79925236A0100BEBDF7 /* MenuHeader.swift */ = {isa = PBXFileReference; fileEncoding = 4; lastKnownFileType = sourcecode.swift; path = MenuHeader.swift; sourceTree = "<group>"; };
		67A53926254975BA006E2B1B /* HeaderCell.swift */ = {isa = PBXFileReference; lastKnownFileType = sourcecode.swift; path = HeaderCell.swift; sourceTree = "<group>"; };
		67B7749E2551760500E2CD1A /* MenuViewCell.swift */ = {isa = PBXFileReference; lastKnownFileType = sourcecode.swift; path = MenuViewCell.swift; sourceTree = "<group>"; };
		67CF0A46251C737E0011D607 /* HeaderCell.xib */ = {isa = PBXFileReference; lastKnownFileType = file.xib; path = HeaderCell.xib; sourceTree = "<group>"; };
		67D049042535B34B000DA30F /* FilterViewController.swift */ = {isa = PBXFileReference; lastKnownFileType = sourcecode.swift; path = FilterViewController.swift; sourceTree = "<group>"; };
		67D79DDE2541864A001F4CCE /* BaseViewController.swift */ = {isa = PBXFileReference; lastKnownFileType = sourcecode.swift; path = BaseViewController.swift; sourceTree = "<group>"; };
		67DE26462553F05A001C9AD1 /* LoadController.swift */ = {isa = PBXFileReference; lastKnownFileType = sourcecode.swift; path = LoadController.swift; sourceTree = "<group>"; };
		67DE264B255418F0001C9AD1 /* Reachability.h */ = {isa = PBXFileReference; lastKnownFileType = sourcecode.c.h; name = Reachability.h; path = ../../Reachability/Reachability/Reachability.h; sourceTree = "<group>"; };
		67DE264D25541F9B001C9AD1 /* Reachability.swift */ = {isa = PBXFileReference; lastKnownFileType = sourcecode.swift; path = Reachability.swift; sourceTree = "<group>"; };
		67F1829C2513A01000434387 /* TableViewCell.swift */ = {isa = PBXFileReference; lastKnownFileType = sourcecode.swift; path = TableViewCell.swift; sourceTree = "<group>"; };
		67F1829D2513A01000434387 /* TableViewCell.xib */ = {isa = PBXFileReference; lastKnownFileType = file.xib; path = TableViewCell.xib; sourceTree = "<group>"; };
		762732C14CFE40A989C3AD70 /* Pods-CloudspadeIos.debug.xcconfig */ = {isa = PBXFileReference; includeInIndex = 1; lastKnownFileType = text.xcconfig; name = "Pods-CloudspadeIos.debug.xcconfig"; path = "Pods/Target Support Files/Pods-CloudspadeIos/Pods-CloudspadeIos.debug.xcconfig"; sourceTree = "<group>"; };
		82A29C75280BDF73123F14B4 /* Pods_CloudspadeIos.framework */ = {isa = PBXFileReference; explicitFileType = wrapper.framework; includeInIndex = 0; path = Pods_CloudspadeIos.framework; sourceTree = BUILT_PRODUCTS_DIR; };
		B7168FBB1FACC6F900A48DB5 /* LaunchScreen.storyboard */ = {isa = PBXFileReference; fileEncoding = 4; lastKnownFileType = file.storyboard; name = LaunchScreen.storyboard; path = "../mobile_sdk/SalesforceMobileSDK-iOS/shared/resources/LaunchScreen.storyboard"; sourceTree = "<group>"; };
		B77BD8A221125B510036B284 /* bootconfig.plist */ = {isa = PBXFileReference; fileEncoding = 4; lastKnownFileType = text.plist.xml; path = bootconfig.plist; sourceTree = "<group>"; };
		CEA8CA031F071B2300448B51 /* Images.xcassets */ = {isa = PBXFileReference; lastKnownFileType = folder.assetcatalog; name = Images.xcassets; path = "mobile_sdk/SalesforceMobileSDK-iOS/shared/resources/Images.xcassets"; sourceTree = SOURCE_ROOT; };
/* End PBXFileReference section */

/* Begin PBXFrameworksBuildPhase section */
		4FD6C4711B754AF1002F9F90 /* Frameworks */ = {
			isa = PBXFrameworksBuildPhase;
			buildActionMask = 2147483647;
			files = (
				67DE264C255418F0001C9AD1 /* Reachability.h in Frameworks */,
				78A235BD93AB7D080D67CD51 /* Pods_CloudspadeIos.framework in Frameworks */,
			);
			runOnlyForDeploymentPostprocessing = 0;
		};
/* End PBXFrameworksBuildPhase section */

/* Begin PBXGroup section */
		4FD6C46B1B754AF1002F9F90 = {
			isa = PBXGroup;
			children = (
				4FD6C4761B754AF1002F9F90 /* CloudspadeIos */,
				4FD6C4751B754AF1002F9F90 /* Products */,
				DDFDDF0A29E4BDD114B51BBC /* Pods */,
				6B868AEB1ACA7FCA4636C7F7 /* Frameworks */,
			);
			sourceTree = "<group>";
		};
		4FD6C4751B754AF1002F9F90 /* Products */ = {
			isa = PBXGroup;
			children = (
				4FD6C4741B754AF1002F9F90 /* CloudspadeIos.app */,
			);
			name = Products;
			sourceTree = "<group>";
		};
		4FD6C4761B754AF1002F9F90 /* CloudspadeIos */ = {
			isa = PBXGroup;
			children = (
				4FF12F8A1DCA91F5004D9EF9 /* CloudspadeIos.entitlements */,
				4FD6C4A11B755265002F9F90 /* Classes */,
				4FD6C4771B754AF1002F9F90 /* Supporting Files */,
			);
			path = CloudspadeIos;
			sourceTree = "<group>";
		};
		4FD6C4771B754AF1002F9F90 /* Supporting Files */ = {
			isa = PBXGroup;
			children = (
				6793D9012510C4700049C5E1 /* Executive.storyboard */,
				B77BD8A221125B510036B284 /* bootconfig.plist */,
				B7168FBB1FACC6F900A48DB5 /* LaunchScreen.storyboard */,
				CEA8CA031F071B2300448B51 /* Images.xcassets */,
				4FD6C4781B754AF1002F9F90 /* Info.plist */,
				675D8BBE25122EEA00F77BAE /* Sample.storyboard */,
			);
			name = "Supporting Files";
			sourceTree = "<group>";
		};
		4FD6C4A11B755265002F9F90 /* Classes */ = {
			isa = PBXGroup;
			children = (
				6796E7942523677400BEBDF7 /* UI */,
				6793D90B2510EB9A0049C5E1 /* ExecutiveViewController.swift */,
				670F875025179208005CC89D /* MenuViewController.swift */,
				6796E79925236A0100BEBDF7 /* MenuHeader.swift */,
				4FD6C49A1B755242002F9F90 /* Bridging-Header.h */,
				4FD6C49C1B755242002F9F90 /* RootViewController.swift */,
				4FD6C49D1B755242002F9F90 /* InitialViewController.swift */,
				4FD6C4791B754AF1002F9F90 /* AppDelegate.swift */,
				4F393A281C3C8BCD00B3EA13 /* main.swift */,
				679450BA2518906F0039392F /* SlideInTransition.swift */,
				67D049042535B34B000DA30F /* FilterViewController.swift */,
				670E6944253D9791009469B2 /* FilterSlideInTransition.swift */,
				67D79DDE2541864A001F4CCE /* BaseViewController.swift */,
			);
			name = Classes;
			sourceTree = "<group>";
		};
		6796E7942523677400BEBDF7 /* UI */ = {
			isa = PBXGroup;
			children = (
				67CF0A46251C737E0011D607 /* HeaderCell.xib */,
				67F1829D2513A01000434387 /* TableViewCell.xib */,
				67F1829C2513A01000434387 /* TableViewCell.swift */,
				67A53926254975BA006E2B1B /* HeaderCell.swift */,
				67B7749E2551760500E2CD1A /* MenuViewCell.swift */,
				67DE26462553F05A001C9AD1 /* LoadController.swift */,
				67DE264D25541F9B001C9AD1 /* Reachability.swift */,
				67202862255AC2F3002AC0DA /* WeekRangeView.xib */,
				67202864255AE23E002AC0DA /* WeekRangeView.swift */,
			);
			name = UI;
			sourceTree = "<group>";
		};
		6B868AEB1ACA7FCA4636C7F7 /* Frameworks */ = {
			isa = PBXGroup;
			children = (
				67DE264B255418F0001C9AD1 /* Reachability.h */,
				82A29C75280BDF73123F14B4 /* Pods_CloudspadeIos.framework */,
			);
			name = Frameworks;
			sourceTree = "<group>";
		};
		DDFDDF0A29E4BDD114B51BBC /* Pods */ = {
			isa = PBXGroup;
			children = (
				762732C14CFE40A989C3AD70 /* Pods-CloudspadeIos.debug.xcconfig */,
				045D1C5BC2F1EADFDFB3671E /* Pods-CloudspadeIos.release.xcconfig */,
			);
			name = Pods;
			sourceTree = "<group>";
		};
/* End PBXGroup section */

/* Begin PBXNativeTarget section */
		4FD6C4731B754AF1002F9F90 /* CloudspadeIos */ = {
			isa = PBXNativeTarget;
			buildConfigurationList = 4FD6C4931B754AF1002F9F90 /* Build configuration list for PBXNativeTarget "CloudspadeIos" */;
			buildPhases = (
				FF74F0F7AF3E58C14EBE5178 /* [CP] Check Pods Manifest.lock */,
				4FD6C4701B754AF1002F9F90 /* Sources */,
				4FD6C4711B754AF1002F9F90 /* Frameworks */,
				4FD6C4721B754AF1002F9F90 /* Resources */,
				7056FC8D1D194E5113988767 /* [CP] Embed Pods Frameworks */,
			);
			buildRules = (
			);
			dependencies = (
			);
			name = CloudspadeIos;
			productName = CloudspadeIos;
			productReference = 4FD6C4741B754AF1002F9F90 /* CloudspadeIos.app */;
			productType = "com.apple.product-type.application";
		};
/* End PBXNativeTarget section */

/* Begin PBXProject section */
		4FD6C46C1B754AF1002F9F90 /* Project object */ = {
			isa = PBXProject;
			attributes = {
				LastSwiftUpdateCheck = 0710;
				LastUpgradeCheck = 0940;
				ORGANIZATIONNAME = CloudspadeIosOrganizationName;
				TargetAttributes = {
					4FD6C4731B754AF1002F9F90 = {
						CreatedOnToolsVersion = 6.4;
						LastSwiftMigration = 1020;
						SystemCapabilities = {
							com.apple.Keychain = {
								enabled = 1;
							};
						};
					};
				};
			};
			buildConfigurationList = 4FD6C46F1B754AF1002F9F90 /* Build configuration list for PBXProject "CloudspadeIos" */;
			compatibilityVersion = "Xcode 10.0";
			developmentRegion = en;
			hasScannedForEncodings = 0;
			knownRegions = (
				en,
				Base,
			);
			mainGroup = 4FD6C46B1B754AF1002F9F90;
			productRefGroup = 4FD6C4751B754AF1002F9F90 /* Products */;
			projectDirPath = "";
			projectRoot = "";
			targets = (
				4FD6C4731B754AF1002F9F90 /* CloudspadeIos */,
			);
		};
/* End PBXProject section */

/* Begin PBXResourcesBuildPhase section */
		4FD6C4721B754AF1002F9F90 /* Resources */ = {
			isa = PBXResourcesBuildPhase;
			buildActionMask = 2147483647;
			files = (
				B77BD8A321125B510036B284 /* bootconfig.plist in Resources */,
				67F1829F2513A01000434387 /* TableViewCell.xib in Resources */,
				6793D9022510C4700049C5E1 /* Executive.storyboard in Resources */,
				CEA8CA041F071B2300448B51 /* Images.xcassets in Resources */,
				675D8BBF25122EEA00F77BAE /* Sample.storyboard in Resources */,
				67CF0A48251C737E0011D607 /* HeaderCell.xib in Resources */,
				67202863255AC2F3002AC0DA /* WeekRangeView.xib in Resources */,
				B7168FBC1FACC6F900A48DB5 /* LaunchScreen.storyboard in Resources */,
			);
			runOnlyForDeploymentPostprocessing = 0;
		};
/* End PBXResourcesBuildPhase section */

/* Begin PBXShellScriptBuildPhase section */
		7056FC8D1D194E5113988767 /* [CP] Embed Pods Frameworks */ = {
			isa = PBXShellScriptBuildPhase;
			buildActionMask = 2147483647;
			files = (
			);
			inputFileListPaths = (
				"${PODS_ROOT}/Target Support Files/Pods-CloudspadeIos/Pods-CloudspadeIos-frameworks-${CONFIGURATION}-input-files.xcfilelist",
			);
			name = "[CP] Embed Pods Frameworks";
			outputFileListPaths = (
				"${PODS_ROOT}/Target Support Files/Pods-CloudspadeIos/Pods-CloudspadeIos-frameworks-${CONFIGURATION}-output-files.xcfilelist",
			);
			runOnlyForDeploymentPostprocessing = 0;
			shellPath = /bin/sh;
			shellScript = "\"${PODS_ROOT}/Target Support Files/Pods-CloudspadeIos/Pods-CloudspadeIos-frameworks.sh\"\n";
			showEnvVarsInLog = 0;
		};
		FF74F0F7AF3E58C14EBE5178 /* [CP] Check Pods Manifest.lock */ = {
			isa = PBXShellScriptBuildPhase;
			buildActionMask = 2147483647;
			files = (
			);
			inputPaths = (
				"${PODS_PODFILE_DIR_PATH}/Podfile.lock",
				"${PODS_ROOT}/Manifest.lock",
			);
			name = "[CP] Check Pods Manifest.lock";
			outputPaths = (
				"$(DERIVED_FILE_DIR)/Pods-CloudspadeIos-checkManifestLockResult.txt",
			);
			runOnlyForDeploymentPostprocessing = 0;
			shellPath = /bin/sh;
			shellScript = "diff \"${PODS_PODFILE_DIR_PATH}/Podfile.lock\" \"${PODS_ROOT}/Manifest.lock\" > /dev/null\nif [ $? != 0 ] ; then\n    # print error to STDERR\n    echo \"error: The sandbox is not in sync with the Podfile.lock. Run 'pod install' or update your CocoaPods installation.\" >&2\n    exit 1\nfi\n# This output is used by Xcode 'outputs' to avoid re-running this script phase.\necho \"SUCCESS\" > \"${SCRIPT_OUTPUT_FILE_0}\"\n";
			showEnvVarsInLog = 0;
		};
/* End PBXShellScriptBuildPhase section */

/* Begin PBXSourcesBuildPhase section */
		4FD6C4701B754AF1002F9F90 /* Sources */ = {
			isa = PBXSourcesBuildPhase;
			buildActionMask = 2147483647;
			files = (
				67D79DDF2541864A001F4CCE /* BaseViewController.swift in Sources */,
				4FD6C47A1B754AF1002F9F90 /* AppDelegate.swift in Sources */,
				4FD6C49F1B755242002F9F90 /* RootViewController.swift in Sources */,
				6793D90C2510EB9A0049C5E1 /* ExecutiveViewController.swift in Sources */,
				67DE26472553F05A001C9AD1 /* LoadController.swift in Sources */,
				6796E79A25236A0100BEBDF7 /* MenuHeader.swift in Sources */,
				670F875125179208005CC89D /* MenuViewController.swift in Sources */,
				67202865255AE23E002AC0DA /* WeekRangeView.swift in Sources */,
				67A53927254975BA006E2B1B /* HeaderCell.swift in Sources */,
				67D049052535B34B000DA30F /* FilterViewController.swift in Sources */,
				67F1829E2513A01000434387 /* TableViewCell.swift in Sources */,
				67B7749F2551760500E2CD1A /* MenuViewCell.swift in Sources */,
				679450BB2518906F0039392F /* SlideInTransition.swift in Sources */,
				4F393A291C3C8BCD00B3EA13 /* main.swift in Sources */,
				670E6945253D9791009469B2 /* FilterSlideInTransition.swift in Sources */,
				67DE264E25541F9B001C9AD1 /* Reachability.swift in Sources */,
				4FD6C4A01B755242002F9F90 /* InitialViewController.swift in Sources */,
			);
			runOnlyForDeploymentPostprocessing = 0;
		};
/* End PBXSourcesBuildPhase section */

/* Begin XCBuildConfiguration section */
		4FD6C4911B754AF1002F9F90 /* Debug */ = {
			isa = XCBuildConfiguration;
			buildSettings = {
				ALWAYS_SEARCH_USER_PATHS = NO;
				CLANG_CXX_LANGUAGE_STANDARD = "gnu++0x";
				CLANG_CXX_LIBRARY = "libc++";
				CLANG_ENABLE_MODULES = YES;
				CLANG_ENABLE_OBJC_ARC = YES;
				CLANG_WARN_BLOCK_CAPTURE_AUTORELEASING = YES;
				CLANG_WARN_BOOL_CONVERSION = YES;
				CLANG_WARN_COMMA = YES;
				CLANG_WARN_CONSTANT_CONVERSION = YES;
				CLANG_WARN_DEPRECATED_OBJC_IMPLEMENTATIONS = YES;
				CLANG_WARN_DIRECT_OBJC_ISA_USAGE = YES_ERROR;
				CLANG_WARN_EMPTY_BODY = YES;
				CLANG_WARN_ENUM_CONVERSION = YES;
				CLANG_WARN_INFINITE_RECURSION = YES;
				CLANG_WARN_INT_CONVERSION = YES;
				CLANG_WARN_NON_LITERAL_NULL_CONVERSION = YES;
				CLANG_WARN_OBJC_IMPLICIT_RETAIN_SELF = YES;
				CLANG_WARN_OBJC_LITERAL_CONVERSION = YES;
				CLANG_WARN_OBJC_ROOT_CLASS = YES_ERROR;
				CLANG_WARN_RANGE_LOOP_ANALYSIS = YES;
				CLANG_WARN_STRICT_PROTOTYPES = YES;
				CLANG_WARN_SUSPICIOUS_MOVE = YES;
				CLANG_WARN_UNREACHABLE_CODE = YES;
				CLANG_WARN__DUPLICATE_METHOD_MATCH = YES;
				"CODE_SIGN_IDENTITY[sdk=iphoneos*]" = "iPhone Developer";
				COPY_PHASE_STRIP = NO;
				DEBUG_INFORMATION_FORMAT = "dwarf-with-dsym";
				ENABLE_STRICT_OBJC_MSGSEND = YES;
				ENABLE_TESTABILITY = YES;
				GCC_C_LANGUAGE_STANDARD = gnu99;
				GCC_DYNAMIC_NO_PIC = NO;
				GCC_NO_COMMON_BLOCKS = YES;
				GCC_OPTIMIZATION_LEVEL = 0;
				GCC_PREPROCESSOR_DEFINITIONS = (
					"DEBUG=1",
					"$(inherited)",
				);
				GCC_SYMBOLS_PRIVATE_EXTERN = NO;
				GCC_WARN_64_TO_32_BIT_CONVERSION = YES;
				GCC_WARN_ABOUT_RETURN_TYPE = YES_ERROR;
				GCC_WARN_UNDECLARED_SELECTOR = YES;
				GCC_WARN_UNINITIALIZED_AUTOS = YES_AGGRESSIVE;
				GCC_WARN_UNUSED_FUNCTION = YES;
				GCC_WARN_UNUSED_VARIABLE = YES;
				IPHONEOS_DEPLOYMENT_TARGET = 12.2;
				MTL_ENABLE_DEBUG_INFO = YES;
				ONLY_ACTIVE_ARCH = YES;
				SDKROOT = iphoneos;
				SWIFT_OPTIMIZATION_LEVEL = "-Onone";
				SWIFT_SWIFT3_OBJC_INFERENCE = Default;
				TARGETED_DEVICE_FAMILY = "1,2";
			};
			name = Debug;
		};
		4FD6C4921B754AF1002F9F90 /* Release */ = {
			isa = XCBuildConfiguration;
			buildSettings = {
				ALWAYS_SEARCH_USER_PATHS = NO;
				CLANG_CXX_LANGUAGE_STANDARD = "gnu++0x";
				CLANG_CXX_LIBRARY = "libc++";
				CLANG_ENABLE_MODULES = YES;
				CLANG_ENABLE_OBJC_ARC = YES;
				CLANG_WARN_BLOCK_CAPTURE_AUTORELEASING = YES;
				CLANG_WARN_BOOL_CONVERSION = YES;
				CLANG_WARN_COMMA = YES;
				CLANG_WARN_CONSTANT_CONVERSION = YES;
				CLANG_WARN_DEPRECATED_OBJC_IMPLEMENTATIONS = YES;
				CLANG_WARN_DIRECT_OBJC_ISA_USAGE = YES_ERROR;
				CLANG_WARN_EMPTY_BODY = YES;
				CLANG_WARN_ENUM_CONVERSION = YES;
				CLANG_WARN_INFINITE_RECURSION = YES;
				CLANG_WARN_INT_CONVERSION = YES;
				CLANG_WARN_NON_LITERAL_NULL_CONVERSION = YES;
				CLANG_WARN_OBJC_IMPLICIT_RETAIN_SELF = YES;
				CLANG_WARN_OBJC_LITERAL_CONVERSION = YES;
				CLANG_WARN_OBJC_ROOT_CLASS = YES_ERROR;
				CLANG_WARN_RANGE_LOOP_ANALYSIS = YES;
				CLANG_WARN_STRICT_PROTOTYPES = YES;
				CLANG_WARN_SUSPICIOUS_MOVE = YES;
				CLANG_WARN_UNREACHABLE_CODE = YES;
				CLANG_WARN__DUPLICATE_METHOD_MATCH = YES;
				"CODE_SIGN_IDENTITY[sdk=iphoneos*]" = "iPhone Developer";
				COPY_PHASE_STRIP = NO;
				DEBUG_INFORMATION_FORMAT = "dwarf-with-dsym";
				ENABLE_NS_ASSERTIONS = NO;
				ENABLE_STRICT_OBJC_MSGSEND = YES;
				GCC_C_LANGUAGE_STANDARD = gnu99;
				GCC_NO_COMMON_BLOCKS = YES;
				GCC_WARN_64_TO_32_BIT_CONVERSION = YES;
				GCC_WARN_ABOUT_RETURN_TYPE = YES_ERROR;
				GCC_WARN_UNDECLARED_SELECTOR = YES;
				GCC_WARN_UNINITIALIZED_AUTOS = YES_AGGRESSIVE;
				GCC_WARN_UNUSED_FUNCTION = YES;
				GCC_WARN_UNUSED_VARIABLE = YES;
				IPHONEOS_DEPLOYMENT_TARGET = 12.2;
				MTL_ENABLE_DEBUG_INFO = NO;
				SDKROOT = iphoneos;
				SWIFT_COMPILATION_MODE = wholemodule;
				SWIFT_OPTIMIZATION_LEVEL = "-O";
				SWIFT_SWIFT3_OBJC_INFERENCE = Default;
				TARGETED_DEVICE_FAMILY = "1,2";
				VALIDATE_PRODUCT = YES;
			};
			name = Release;
		};
		4FD6C4941B754AF1002F9F90 /* Debug */ = {
			isa = XCBuildConfiguration;
			baseConfigurationReference = 762732C14CFE40A989C3AD70 /* Pods-CloudspadeIos.debug.xcconfig */;
			buildSettings = {
				ASSETCATALOG_COMPILER_APPICON_NAME = AppIcon;
				CODE_SIGN_ENTITLEMENTS = CloudspadeIos/CloudspadeIos.entitlements;
				DEVELOPMENT_TEAM = 3XVKTL3KM8;
				INFOPLIST_FILE = CloudspadeIos/Info.plist;
				IPHONEOS_DEPLOYMENT_TARGET = 12.2;
				LD_RUNPATH_SEARCH_PATHS = (
					"$(inherited)",
					"@executable_path/Frameworks",
				);
				OTHER_SWIFT_FLAGS = "-DSIGNPOST_ENABLED";
				PRODUCT_BUNDLE_IDENTIFIER = com.cloudspade.ios.Cloudspade;
				PRODUCT_NAME = "$(TARGET_NAME)";
				SWIFT_OBJC_BRIDGING_HEADER = "CloudspadeIos/Bridging-Header.h";
				SWIFT_VERSION = 5.0;
			};
			name = Debug;
		};
		4FD6C4951B754AF1002F9F90 /* Release */ = {
			isa = XCBuildConfiguration;
			baseConfigurationReference = 045D1C5BC2F1EADFDFB3671E /* Pods-CloudspadeIos.release.xcconfig */;
			buildSettings = {
				ASSETCATALOG_COMPILER_APPICON_NAME = AppIcon;
				CODE_SIGN_ENTITLEMENTS = CloudspadeIos/CloudspadeIos.entitlements;
				DEVELOPMENT_TEAM = 3XVKTL3KM8;
				INFOPLIST_FILE = CloudspadeIos/Info.plist;
				IPHONEOS_DEPLOYMENT_TARGET = 12.2;
				LD_RUNPATH_SEARCH_PATHS = (
					"$(inherited)",
					"@executable_path/Frameworks",
				);
				PRODUCT_BUNDLE_IDENTIFIER = com.cloudspade.ios.Cloudspade;
				PRODUCT_NAME = "$(TARGET_NAME)";
				SWIFT_OBJC_BRIDGING_HEADER = "CloudspadeIos/Bridging-Header.h";
				SWIFT_VERSION = 5.0;
			};
			name = Release;
		};
/* End XCBuildConfiguration section */

/* Begin XCConfigurationList section */
		4FD6C46F1B754AF1002F9F90 /* Build configuration list for PBXProject "CloudspadeIos" */ = {
			isa = XCConfigurationList;
			buildConfigurations = (
				4FD6C4911B754AF1002F9F90 /* Debug */,
				4FD6C4921B754AF1002F9F90 /* Release */,
			);
			defaultConfigurationIsVisible = 0;
			defaultConfigurationName = Release;
		};
		4FD6C4931B754AF1002F9F90 /* Build configuration list for PBXNativeTarget "CloudspadeIos" */ = {
			isa = XCConfigurationList;
			buildConfigurations = (
				4FD6C4941B754AF1002F9F90 /* Debug */,
				4FD6C4951B754AF1002F9F90 /* Release */,
			);
			defaultConfigurationIsVisible = 0;
			defaultConfigurationName = Release;
		};
/* End XCConfigurationList section */
	};
	rootObject = 4FD6C46C1B754AF1002F9F90 /* Project object */;
}
